// !$*UTF8*$!
{
	archiveVersion = 1;
	classes = {
	};
	objectVersion = 46;
	objects = {

/* Begin PBXBuildFile section */
		051559301C894D8A002D0466 /* AppDelegate.swift in Sources */ = {isa = PBXBuildFile; fileRef = 0515592F1C894D8A002D0466 /* AppDelegate.swift */; };
		051559321C894D8A002D0466 /* ViewController.swift in Sources */ = {isa = PBXBuildFile; fileRef = 051559311C894D8A002D0466 /* ViewController.swift */; };
		051559351C894D8A002D0466 /* Main.storyboard in Resources */ = {isa = PBXBuildFile; fileRef = 051559331C894D8A002D0466 /* Main.storyboard */; };
		051559381C894D8A002D0466 /* LemonadeStand.xcdatamodeld in Sources */ = {isa = PBXBuildFile; fileRef = 051559361C894D8A002D0466 /* LemonadeStand.xcdatamodeld */; };
		0515593A1C894D8A002D0466 /* Assets.xcassets in Resources */ = {isa = PBXBuildFile; fileRef = 051559391C894D8A002D0466 /* Assets.xcassets */; };
		0515593D1C894D8A002D0466 /* LaunchScreen.storyboard in Resources */ = {isa = PBXBuildFile; fileRef = 0515593B1C894D8A002D0466 /* LaunchScreen.storyboard */; };
		051559451C8959E7002D0466 /* supplies.swift in Sources */ = {isa = PBXBuildFile; fileRef = 051559441C8959E7002D0466 /* supplies.swift */; };
		051559471C895B6F002D0466 /* Price.swift in Sources */ = {isa = PBXBuildFile; fileRef = 051559461C895B6F002D0466 /* Price.swift */; };
/* End PBXBuildFile section */

/* Begin PBXFileReference section */
		0515592C1C894D8A002D0466 /* LemonadeStand.app */ = {isa = PBXFileReference; explicitFileType = wrapper.application; includeInIndex = 0; path = LemonadeStand.app; sourceTree = BUILT_PRODUCTS_DIR; };
		0515592F1C894D8A002D0466 /* AppDelegate.swift */ = {isa = PBXFileReference; lastKnownFileType = sourcecode.swift; path = AppDelegate.swift; sourceTree = "<group>"; };
		051559311C894D8A002D0466 /* ViewController.swift */ = {isa = PBXFileReference; lastKnownFileType = sourcecode.swift; path = ViewController.swift; sourceTree = "<group>"; };
		051559341C894D8A002D0466 /* Base */ = {isa = PBXFileReference; lastKnownFileType = file.storyboard; name = Base; path = Base.lproj/Main.storyboard; sourceTree = "<group>"; };
		051559371C894D8A002D0466 /* LemonadeStand.xcdatamodel */ = {isa = PBXFileReference; lastKnownFileType = wrapper.xcdatamodel; path = LemonadeStand.xcdatamodel; sourceTree = "<group>"; };
		051559391C894D8A002D0466 /* Assets.xcassets */ = {isa = PBXFileReference; lastKnownFileType = folder.assetcatalog; path = Assets.xcassets; sourceTree = "<group>"; };
		0515593C1C894D8A002D0466 /* Base */ = {isa = PBXFileReference; lastKnownFileType = file.storyboard; name = Base; path = Base.lproj/LaunchScreen.storyboard; sourceTree = "<group>"; };
		0515593E1C894D8A002D0466 /* Info.plist */ = {isa = PBXFileReference; lastKnownFileType = text.plist.xml; path = Info.plist; sourceTree = "<group>"; };
		051559441C8959E7002D0466 /* supplies.swift */ = {isa = PBXFileReference; fileEncoding = 4; lastKnownFileType = sourcecode.swift; path = supplies.swift; sourceTree = "<group>"; };
		051559461C895B6F002D0466 /* Price.swift */ = {isa = PBXFileReference; fileEncoding = 4; lastKnownFileType = sourcecode.swift; path = Price.swift; sourceTree = "<group>"; };
/* End PBXFileReference section */

/* Begin PBXFrameworksBuildPhase section */
		051559291C894D8A002D0466 /* Frameworks */ = {
			isa = PBXFrameworksBuildPhase;
			buildActionMask = 2147483647;
			files = (
			);
			runOnlyForDeploymentPostprocessing = 0;
		};
/* End PBXFrameworksBuildPhase section */

/* Begin PBXGroup section */
		051559231C894D8A002D0466 = {
			isa = PBXGroup;
			children = (
				0515592E1C894D8A002D0466 /* LemonadeStand */,
				0515592D1C894D8A002D0466 /* Products */,
			);
			sourceTree = "<group>";
		};
		0515592D1C894D8A002D0466 /* Products */ = {
			isa = PBXGroup;
			children = (
				0515592C1C894D8A002D0466 /* LemonadeStand.app */,
			);
			name = Products;
			sourceTree = "<group>";
		};
		0515592E1C894D8A002D0466 /* LemonadeStand */ = {
			isa = PBXGroup;
			children = (
				0515592F1C894D8A002D0466 /* AppDelegate.swift */,
				051559311C894D8A002D0466 /* ViewController.swift */,
				051559441C8959E7002D0466 /* supplies.swift */,
				051559461C895B6F002D0466 /* Price.swift */,
				051559331C894D8A002D0466 /* Main.storyboard */,
				051559391C894D8A002D0466 /* Assets.xcassets */,
				0515593B1C894D8A002D0466 /* LaunchScreen.storyboard */,
				0515593E1C894D8A002D0466 /* Info.plist */,
				051559361C894D8A002D0466 /* LemonadeStand.xcdatamodeld */,
			);
			path = LemonadeStand;
			sourceTree = "<group>";
		};
/* End PBXGroup section */

/* Begin PBXNativeTarget section */
		0515592B1C894D8A002D0466 /* LemonadeStand */ = {
			isa = PBXNativeTarget;
			buildConfigurationList = 051559411C894D8A002D0466 /* Build configuration list for PBXNativeTarget "LemonadeStand" */;
			buildPhases = (
				051559281C894D8A002D0466 /* Sources */,
				051559291C894D8A002D0466 /* Frameworks */,
				0515592A1C894D8A002D0466 /* Resources */,
			);
			buildRules = (
			);
			dependencies = (
			);
			name = LemonadeStand;
			productName = LemonadeStand;
			productReference = 0515592C1C894D8A002D0466 /* LemonadeStand.app */;
			productType = "com.apple.product-type.application";
		};
/* End PBXNativeTarget section */

/* Begin PBXProject section */
		051559241C894D8A002D0466 /* Project object */ = {
			isa = PBXProject;
			attributes = {
				LastSwiftUpdateCheck = 0720;
				LastUpgradeCheck = 0720;
				ORGANIZATIONNAME = "Roy Montoya";
				TargetAttributes = {
					0515592B1C894D8A002D0466 = {
						CreatedOnToolsVersion = 7.2.1;
					};
				};
			};
			buildConfigurationList = 051559271C894D8A002D0466 /* Build configuration list for PBXProject "LemonadeStand" */;
			compatibilityVersion = "Xcode 3.2";
			developmentRegion = English;
			hasScannedForEncodings = 0;
			knownRegions = (
				en,
				Base,
			);
			mainGroup = 051559231C894D8A002D0466;
			productRefGroup = 0515592D1C894D8A002D0466 /* Products */;
			projectDirPath = "";
			projectRoot = "";
			targets = (
				0515592B1C894D8A002D0466 /* LemonadeStand */,
			);
		};
/* End PBXProject section */

/* Begin PBXResourcesBuildPhase section */
		0515592A1C894D8A002D0466 /* Resources */ = {
			isa = PBXResourcesBuildPhase;
			buildActionMask = 2147483647;
			files = (
				0515593D1C894D8A002D0466 /* LaunchScreen.storyboard in Resources */,
				0515593A1C894D8A002D0466 /* Assets.xcassets in Resources */,
				051559351C894D8A002D0466 /* Main.storyboard in Resources */,
			);
			runOnlyForDeploymentPostprocessing = 0;
		};
/* End PBXResourcesBuildPhase section */

/* Begin PBXSourcesBuildPhase section */
		051559281C894D8A002D0466 /* Sources */ = {
			isa = PBXSourcesBuildPhase;
			buildActionMask = 2147483647;
			files = (
				051559321C894D8A002D0466 /* ViewController.swift in Sources */,
				051559381C894D8A002D0466 /* LemonadeStand.xcdatamodeld in Sources */,
				051559451C8959E7002D0466 /* supplies.swift in Sources */,
				051559471C895B6F002D0466 /* Price.swift in Sources */,
				051559301C894D8A002D0466 /* AppDelegate.swift in Sources */,
			);
			runOnlyForDeploymentPostprocessing = 0;
		};
/* End PBXSourcesBuildPhase section */

/* Begin PBXVariantGroup section */
		051559331C894D8A002D0466 /* Main.storyboard */ = {
			isa = PBXVariantGroup;
			children = (
				051559341C894D8A002D0466 /* Base */,
			);
			name = Main.storyboard;
			sourceTree = "<group>";
		};
		0515593B1C894D8A002D0466 /* LaunchScreen.storyboard */ = {
			isa = PBXVariantGroup;
			children = (
				0515593C1C894D8A002D0466 /* Base */,
			);
			name = LaunchScreen.storyboard;
			sourceTree = "<group>";
		};
/* End PBXVariantGroup section */

/* Begin XCBuildConfiguration section */
		0515593F1C894D8A002D0466 /* Debug */ = {
			isa = XCBuildConfiguration;
			buildSettings = {
				ALWAYS_SEARCH_USER_PATHS = NO;
				CLANG_CXX_LANGUAGE_STANDARD = "gnu++0x";
				CLANG_CXX_LIBRARY = "libc++";
				CLANG_ENABLE_MODULES = YES;
				CLANG_ENABLE_OBJC_ARC = YES;
				CLANG_WARN_BOOL_CONVERSION = YES;
				CLANG_WARN_CONSTANT_CONVERSION = YES;
				CLANG_WARN_DIRECT_OBJC_ISA_USAGE = YES_ERROR;
				CLANG_WARN_EMPTY_BODY = YES;
				CLANG_WARN_ENUM_CONVERSION = YES;
				CLANG_WARN_INT_CONVERSION = YES;
				CLANG_WARN_OBJC_ROOT_CLASS = YES_ERROR;
				CLANG_WARN_UNREACHABLE_CODE = YES;
				CLANG_WARN__DUPLICATE_METHOD_MATCH = YES;
				"CODE_SIGN_IDENTITY[sdk=iphoneos*]" = "iPhone Developer";
				COPY_PHASE_STRIP = NO;
				DEBUG_INFORMATION_FORMAT = dwarf;
				ENABLE_STRICT_OBJC_MSGSEND = YES;
				ENABLE_TESTABILITY = YES;
				GCC_C_LANGUAGE_STANDARD = gnu99;
				GCC_DYNAMIC_NO_PIC = NO;
				GCC_NO_COMMON_BLOCKS = YES;
				GCC_OPTIMIZATION_LEVEL = 0;
				GCC_PREPROCESSOR_DEFINITIONS = (
					"DEBUG=1",
					"$(inherited)",
				);
				GCC_WARN_64_TO_32_BIT_CONVERSION = YES;
				GCC_WARN_ABOUT_RETURN_TYPE = YES_ERROR;
				GCC_WARN_UNDECLARED_SELECTOR = YES;
				GCC_WARN_UNINITIALIZED_AUTOS = YES_AGGRESSIVE;
				GCC_WARN_UNUSED_FUNCTION = YES;
				GCC_WARN_UNUSED_VARIABLE = YES;
				IPHONEOS_DEPLOYMENT_TARGET = 9.2;
				MTL_ENABLE_DEBUG_INFO = YES;
				ONLY_ACTIVE_ARCH = YES;
				SDKROOT = iphoneos;
				SWIFT_OPTIMIZATION_LEVEL = "-Onone";
				TARGETED_DEVICE_FAMILY = "1,2";
			};
			name = Debug;
		};
		051559401C894D8A002D0466 /* Release */ = {
			isa = XCBuildConfiguration;
			buildSettings = {
				ALWAYS_SEARCH_USER_PATHS = NO;
				CLANG_CXX_LANGUAGE_STANDARD = "gnu++0x";
				CLANG_CXX_LIBRARY = "libc++";
				CLANG_ENABLE_MODULES = YES;
				CLANG_ENABLE_OBJC_ARC = YES;
				CLANG_WARN_BOOL_CONVERSION = YES;
				CLANG_WARN_CONSTANT_CONVERSION = YES;
				CLANG_WARN_DIRECT_OBJC_ISA_USAGE = YES_ERROR;
				CLANG_WARN_EMPTY_BODY = YES;
				CLANG_WARN_ENUM_CONVERSION = YES;
				CLANG_WARN_INT_CONVERSION = YES;
				CLANG_WARN_OBJC_ROOT_CLASS = YES_ERROR;
				CLANG_WARN_UNREACHABLE_CODE = YES;
				CLANG_WARN__DUPLICATE_METHOD_MATCH = YES;
				"CODE_SIGN_IDENTITY[sdk=iphoneos*]" = "iPhone Developer";
				COPY_PHASE_STRIP = NO;
				DEBUG_INFORMATION_FORMAT = "dwarf-with-dsym";
				ENABLE_NS_ASSERTIONS = NO;
				ENABLE_STRICT_OBJC_MSGSEND = YES;
				GCC_C_LANGUAGE_STANDARD = gnu99;
				GCC_NO_COMMON_BLOCKS = YES;
				GCC_WARN_64_TO_32_BIT_CONVERSION = YES;
				GCC_WARN_ABOUT_RETURN_TYPE = YES_ERROR;
				GCC_WARN_UNDECLARED_SELECTOR = YES;
				GCC_WARN_UNINITIALIZED_AUTOS = YES_AGGRESSIVE;
				GCC_WARN_UNUSED_FUNCTION = YES;
				GCC_WARN_UNUSED_VARIABLE = YES;
				IPHONEOS_DEPLOYMENT_TARGET = 9.2;
				MTL_ENABLE_DEBUG_INFO = NO;
				SDKROOT = iphoneos;
				TARGETED_DEVICE_FAMILY = "1,2";
				VALIDATE_PRODUCT = YES;
			};
			name = Release;
		};
		051559421C894D8A002D0466 /* Debug */ = {
			isa = XCBuildConfiguration;
			buildSettings = {
				ASSETCATALOG_COMPILER_APPICON_NAME = AppIcon;
				INFOPLIST_FILE = LemonadeStand/Info.plist;
				LD_RUNPATH_SEARCH_PATHS = "$(inherited) @executable_path/Frameworks";
				PRODUCT_BUNDLE_IDENTIFIER = self.edu.LemonadeStand;
				PRODUCT_NAME = "$(TARGET_NAME)";
			};
			name = Debug;
		};
		051559431C894D8A002D0466 /* Release */ = {
			isa = XCBuildConfiguration;
			buildSettings = {
				ASSETCATALOG_COMPILER_APPICON_NAME = AppIcon;
				INFOPLIST_FILE = LemonadeStand/Info.plist;
				LD_RUNPATH_SEARCH_PATHS = "$(inherited) @executable_path/Frameworks";
				PRODUCT_BUNDLE_IDENTIFIER = self.edu.LemonadeStand;
				PRODUCT_NAME = "$(TARGET_NAME)";
			};
			name = Release;
		};
/* End XCBuildConfiguration section */

/* Begin XCConfigurationList section */
		051559271C894D8A002D0466 /* Build configuration list for PBXProject "LemonadeStand" */ = {
			isa = XCConfigurationList;
			buildConfigurations = (
				0515593F1C894D8A002D0466 /* Debug */,
				051559401C894D8A002D0466 /* Release */,
			);
			defaultConfigurationIsVisible = 0;
			defaultConfigurationName = Release;
		};
		051559411C894D8A002D0466 /* Build configuration list for PBXNativeTarget "LemonadeStand" */ = {
			isa = XCConfigurationList;
			buildConfigurations = (
				051559421C894D8A002D0466 /* Debug */,
				051559431C894D8A002D0466 /* Release */,
			);
			defaultConfigurationIsVisible = 0;
		};
/* End XCConfigurationList section */

/* Begin XCVersionGroup section */
		051559361C894D8A002D0466 /* LemonadeStand.xcdatamodeld */ = {
			isa = XCVersionGroup;
			children = (
				051559371C894D8A002D0466 /* LemonadeStand.xcdatamodel */,
			);
			currentVersion = 051559371C894D8A002D0466 /* LemonadeStand.xcdatamodel */;
			path = LemonadeStand.xcdatamodeld;
			sourceTree = "<group>";
			versionGroupType = wrapper.xcdatamodel;
		};
/* End XCVersionGroup section */
	};
	rootObject = 051559241C894D8A002D0466 /* Project object */;
}
